
Microsoft Visual Studio Solution File, Format Version 12.00
# Visual Studio 14
VisualStudioVersion = 14.0.25420.1
MinimumVisualStudioVersion = 10.0.40219.1
Project("{FAE04EC0-301F-11D3-BF4B-00C04F79EFBC}") = "HCMWeb", "HCMWeb\HCMWeb.csproj", "{BD23354D-FA62-4F2B-8E93-5B0EA5E6C190}"
EndProject
Project("{FAE04EC0-301F-11D3-BF4B-00C04F79EFBC}") = "HCMWeb.Tests", "HCMWeb.Tests\HCMWeb.Tests.csproj", "{0035A6BC-4722-499E-B0AA-52BD7ADB56A8}"
EndProject
Global
	GlobalSection(SolutionConfigurationPlatforms) = preSolution
		Debug|Any CPU = Debug|Any CPU
		Release|Any CPU = Release|Any CPU
	EndGlobalSection
	GlobalSection(ProjectConfigurationPlatforms) = postSolution
		{BD23354D-FA62-4F2B-8E93-5B0EA5E6C190}.Debug|Any CPU.ActiveCfg = Debug|Any CPU
		{BD23354D-FA62-4F2B-8E93-5B0EA5E6C190}.Debug|Any CPU.Build.0 = Debug|Any CPU
		{BD23354D-FA62-4F2B-8E93-5B0EA5E6C190}.Release|Any CPU.ActiveCfg = Release|Any CPU
		{BD23354D-FA62-4F2B-8E93-5B0EA5E6C190}.Release|Any CPU.Build.0 = Release|Any CPU
		{0035A6BC-4722-499E-B0AA-52BD7ADB56A8}.Debug|Any CPU.ActiveCfg = Debug|Any CPU
		{0035A6BC-4722-499E-B0AA-52BD7ADB56A8}.Debug|Any CPU.Build.0 = Debug|Any CPU
		{0035A6BC-4722-499E-B0AA-52BD7ADB56A8}.Release|Any CPU.ActiveCfg = Release|Any CPU
		{0035A6BC-4722-499E-B0AA-52BD7ADB56A8}.Release|Any CPU.Build.0 = Release|Any CPU
	EndGlobalSection
	GlobalSection(SolutionProperties) = preSolution
		HideSolutionNode = FALSE
	EndGlobalSection
EndGlobal
